
Microsoft Visual Studio Solution File, Format Version 12.00
# Visual Studio 2013
VisualStudioVersion = 12.0.31101.0
MinimumVisualStudioVersion = 10.0.40219.1
Project("{FAE04EC0-301F-11D3-BF4B-00C04F79EFBC}") = "Edvi.DB", "Edvi.DB\Edvi.DB.csproj", "{FC4EAF4B-4AC5-4A21-9A99-6F25984EA845}"
EndProject
Project("{FAE04EC0-301F-11D3-BF4B-00C04F79EFBC}") = "Edvi.Interfaces", "Edvi.Interfaces\Edvi.Interfaces.csproj", "{FA96F7B9-9AAF-4C65-A1B5-5422ACA08346}"
EndProject
Project("{FAE04EC0-301F-11D3-BF4B-00C04F79EFBC}") = "Edvi.Models", "Edvi.Models\Edvi.Models.csproj", "{2FB1A64E-71A0-433E-AC57-0B4D177C0594}"
EndProject
Project("{FAE04EC0-301F-11D3-BF4B-00C04F79EFBC}") = "Edvi.Services", "Edvi.Services\Edvi.Services.csproj", "{55F8EEE1-4D98-4A91-AF44-7769FDBCF564}"
EndProject
Project("{FAE04EC0-301F-11D3-BF4B-00C04F79EFBC}") = "Edvi.Test", "Edvi.Test\Edvi.Test.csproj", "{ADCF67EB-14DD-43AB-8F27-7FCB3CD3DD57}"
EndProject
Project("{FAE04EC0-301F-11D3-BF4B-00C04F79EFBC}") = "Edvi.Web", "Edvi.Web\Edvi.Web.csproj", "{2490557F-3D45-4F27-885C-62B4842A064E}"
EndProject
Project("{2150E333-8FDC-42A3-9474-1A3956D46DE8}") = ".nuget", ".nuget", "{74D219BE-A7D5-4AAD-82FE-0C3D6D4727A4}"
	ProjectSection(SolutionItems) = preProject
		.nuget\NuGet.Config = .nuget\NuGet.Config
		.nuget\NuGet.exe = .nuget\NuGet.exe
		.nuget\NuGet.targets = .nuget\NuGet.targets
	EndProjectSection
EndProject
Project("{FAE04EC0-301F-11D3-BF4B-00C04F79EFBC}") = "Edvi.Validations", "Edvi.Validations\Edvi.Validations.csproj", "{D19A121B-503A-4F23-992E-15EEAFD9E6E9}"
EndProject
Global
	GlobalSection(SolutionConfigurationPlatforms) = preSolution
		Debug|Any CPU = Debug|Any CPU
		Debug|ARM = Debug|ARM
		Debug|x64 = Debug|x64
		Debug|x86 = Debug|x86
		Release|Any CPU = Release|Any CPU
		Release|ARM = Release|ARM
		Release|x64 = Release|x64
		Release|x86 = Release|x86
	EndGlobalSection
	GlobalSection(ProjectConfigurationPlatforms) = postSolution
		{FC4EAF4B-4AC5-4A21-9A99-6F25984EA845}.Debug|Any CPU.ActiveCfg = Debug|Any CPU
		{FC4EAF4B-4AC5-4A21-9A99-6F25984EA845}.Debug|Any CPU.Build.0 = Debug|Any CPU
		{FC4EAF4B-4AC5-4A21-9A99-6F25984EA845}.Debug|ARM.ActiveCfg = Debug|Any CPU
		{FC4EAF4B-4AC5-4A21-9A99-6F25984EA845}.Debug|x64.ActiveCfg = Debug|Any CPU
		{FC4EAF4B-4AC5-4A21-9A99-6F25984EA845}.Debug|x86.ActiveCfg = Debug|Any CPU
		{FC4EAF4B-4AC5-4A21-9A99-6F25984EA845}.Release|Any CPU.ActiveCfg = Release|Any CPU
		{FC4EAF4B-4AC5-4A21-9A99-6F25984EA845}.Release|Any CPU.Build.0 = Release|Any CPU
		{FC4EAF4B-4AC5-4A21-9A99-6F25984EA845}.Release|ARM.ActiveCfg = Release|Any CPU
		{FC4EAF4B-4AC5-4A21-9A99-6F25984EA845}.Release|x64.ActiveCfg = Release|Any CPU
		{FC4EAF4B-4AC5-4A21-9A99-6F25984EA845}.Release|x86.ActiveCfg = Release|Any CPU
		{FA96F7B9-9AAF-4C65-A1B5-5422ACA08346}.Debug|Any CPU.ActiveCfg = Debug|Any CPU
		{FA96F7B9-9AAF-4C65-A1B5-5422ACA08346}.Debug|Any CPU.Build.0 = Debug|Any CPU
		{FA96F7B9-9AAF-4C65-A1B5-5422ACA08346}.Debug|ARM.ActiveCfg = Debug|Any CPU
		{FA96F7B9-9AAF-4C65-A1B5-5422ACA08346}.Debug|x64.ActiveCfg = Debug|Any CPU
		{FA96F7B9-9AAF-4C65-A1B5-5422ACA08346}.Debug|x86.ActiveCfg = Debug|Any CPU
		{FA96F7B9-9AAF-4C65-A1B5-5422ACA08346}.Release|Any CPU.ActiveCfg = Release|Any CPU
		{FA96F7B9-9AAF-4C65-A1B5-5422ACA08346}.Release|Any CPU.Build.0 = Release|Any CPU
		{FA96F7B9-9AAF-4C65-A1B5-5422ACA08346}.Release|ARM.ActiveCfg = Release|Any CPU
		{FA96F7B9-9AAF-4C65-A1B5-5422ACA08346}.Release|x64.ActiveCfg = Release|Any CPU
		{FA96F7B9-9AAF-4C65-A1B5-5422ACA08346}.Release|x86.ActiveCfg = Release|Any CPU
		{2FB1A64E-71A0-433E-AC57-0B4D177C0594}.Debug|Any CPU.ActiveCfg = Debug|Any CPU
		{2FB1A64E-71A0-433E-AC57-0B4D177C0594}.Debug|Any CPU.Build.0 = Debug|Any CPU
		{2FB1A64E-71A0-433E-AC57-0B4D177C0594}.Debug|ARM.ActiveCfg = Debug|Any CPU
		{2FB1A64E-71A0-433E-AC57-0B4D177C0594}.Debug|x64.ActiveCfg = Debug|Any CPU
		{2FB1A64E-71A0-433E-AC57-0B4D177C0594}.Debug|x86.ActiveCfg = Debug|Any CPU
		{2FB1A64E-71A0-433E-AC57-0B4D177C0594}.Release|Any CPU.ActiveCfg = Release|Any CPU
		{2FB1A64E-71A0-433E-AC57-0B4D177C0594}.Release|Any CPU.Build.0 = Release|Any CPU
		{2FB1A64E-71A0-433E-AC57-0B4D177C0594}.Release|ARM.ActiveCfg = Release|Any CPU
		{2FB1A64E-71A0-433E-AC57-0B4D177C0594}.Release|x64.ActiveCfg = Release|Any CPU
		{2FB1A64E-71A0-433E-AC57-0B4D177C0594}.Release|x86.ActiveCfg = Release|Any CPU
		{55F8EEE1-4D98-4A91-AF44-7769FDBCF564}.Debug|Any CPU.ActiveCfg = Debug|Any CPU
		{55F8EEE1-4D98-4A91-AF44-7769FDBCF564}.Debug|Any CPU.Build.0 = Debug|Any CPU
		{55F8EEE1-4D98-4A91-AF44-7769FDBCF564}.Debug|ARM.ActiveCfg = Debug|Any CPU
		{55F8EEE1-4D98-4A91-AF44-7769FDBCF564}.Debug|x64.ActiveCfg = Debug|Any CPU
		{55F8EEE1-4D98-4A91-AF44-7769FDBCF564}.Debug|x86.ActiveCfg = Debug|Any CPU
		{55F8EEE1-4D98-4A91-AF44-7769FDBCF564}.Release|Any CPU.ActiveCfg = Release|Any CPU
		{55F8EEE1-4D98-4A91-AF44-7769FDBCF564}.Release|Any CPU.Build.0 = Release|Any CPU
		{55F8EEE1-4D98-4A91-AF44-7769FDBCF564}.Release|ARM.ActiveCfg = Release|Any CPU
		{55F8EEE1-4D98-4A91-AF44-7769FDBCF564}.Release|x64.ActiveCfg = Release|Any CPU
		{55F8EEE1-4D98-4A91-AF44-7769FDBCF564}.Release|x86.ActiveCfg = Release|Any CPU
		{ADCF67EB-14DD-43AB-8F27-7FCB3CD3DD57}.Debug|Any CPU.ActiveCfg = Debug|Any CPU
		{ADCF67EB-14DD-43AB-8F27-7FCB3CD3DD57}.Debug|Any CPU.Build.0 = Debug|Any CPU
		{ADCF67EB-14DD-43AB-8F27-7FCB3CD3DD57}.Debug|ARM.ActiveCfg = Debug|Any CPU
		{ADCF67EB-14DD-43AB-8F27-7FCB3CD3DD57}.Debug|x64.ActiveCfg = Debug|Any CPU
		{ADCF67EB-14DD-43AB-8F27-7FCB3CD3DD57}.Debug|x86.ActiveCfg = Debug|Any CPU
		{ADCF67EB-14DD-43AB-8F27-7FCB3CD3DD57}.Release|Any CPU.ActiveCfg = Release|Any CPU
		{ADCF67EB-14DD-43AB-8F27-7FCB3CD3DD57}.Release|Any CPU.Build.0 = Release|Any CPU
		{ADCF67EB-14DD-43AB-8F27-7FCB3CD3DD57}.Release|ARM.ActiveCfg = Release|Any CPU
		{ADCF67EB-14DD-43AB-8F27-7FCB3CD3DD57}.Release|x64.ActiveCfg = Release|Any CPU
		{ADCF67EB-14DD-43AB-8F27-7FCB3CD3DD57}.Release|x86.ActiveCfg = Release|Any CPU
		{2490557F-3D45-4F27-885C-62B4842A064E}.Debug|Any CPU.ActiveCfg = Debug|Any CPU
		{2490557F-3D45-4F27-885C-62B4842A064E}.Debug|Any CPU.Build.0 = Debug|Any CPU
		{2490557F-3D45-4F27-885C-62B4842A064E}.Debug|ARM.ActiveCfg = Debug|Any CPU
		{2490557F-3D45-4F27-885C-62B4842A064E}.Debug|x64.ActiveCfg = Debug|Any CPU
		{2490557F-3D45-4F27-885C-62B4842A064E}.Debug|x86.ActiveCfg = Debug|Any CPU
		{2490557F-3D45-4F27-885C-62B4842A064E}.Release|Any CPU.ActiveCfg = Release|Any CPU
		{2490557F-3D45-4F27-885C-62B4842A064E}.Release|Any CPU.Build.0 = Release|Any CPU
		{2490557F-3D45-4F27-885C-62B4842A064E}.Release|ARM.ActiveCfg = Release|Any CPU
		{2490557F-3D45-4F27-885C-62B4842A064E}.Release|x64.ActiveCfg = Release|Any CPU
		{2490557F-3D45-4F27-885C-62B4842A064E}.Release|x86.ActiveCfg = Release|Any CPU
		{D19A121B-503A-4F23-992E-15EEAFD9E6E9}.Debug|Any CPU.ActiveCfg = Debug|Any CPU
		{D19A121B-503A-4F23-992E-15EEAFD9E6E9}.Debug|Any CPU.Build.0 = Debug|Any CPU
		{D19A121B-503A-4F23-992E-15EEAFD9E6E9}.Debug|ARM.ActiveCfg = Debug|Any CPU
		{D19A121B-503A-4F23-992E-15EEAFD9E6E9}.Debug|x64.ActiveCfg = Debug|Any CPU
		{D19A121B-503A-4F23-992E-15EEAFD9E6E9}.Debug|x86.ActiveCfg = Debug|Any CPU
		{D19A121B-503A-4F23-992E-15EEAFD9E6E9}.Release|Any CPU.ActiveCfg = Release|Any CPU
		{D19A121B-503A-4F23-992E-15EEAFD9E6E9}.Release|Any CPU.Build.0 = Release|Any CPU
		{D19A121B-503A-4F23-992E-15EEAFD9E6E9}.Release|ARM.ActiveCfg = Release|Any CPU
		{D19A121B-503A-4F23-992E-15EEAFD9E6E9}.Release|x64.ActiveCfg = Release|Any CPU
		{D19A121B-503A-4F23-992E-15EEAFD9E6E9}.Release|x86.ActiveCfg = Release|Any CPU
	EndGlobalSection
	GlobalSection(SolutionProperties) = preSolution
		HideSolutionNode = FALSE
	EndGlobalSection
EndGlobal
