
Microsoft Visual Studio Solution File, Format Version 12.00
# Visual Studio 2012
Project("{FAE04EC0-301F-11D3-BF4B-00C04F79EFBC}") = "Edvi.DB", "Edvi.DB\Edvi.DB.csproj", "{E8142292-C008-449F-95E3-F97F0981D233}"
EndProject
Project("{FAE04EC0-301F-11D3-BF4B-00C04F79EFBC}") = "Edvi.Interfaces", "Edvi.Interfaces\Edvi.Interfaces.csproj", "{1FB48D66-2B5C-4815-AD09-19A1A38F6C14}"
EndProject
Project("{FAE04EC0-301F-11D3-BF4B-00C04F79EFBC}") = "Edvi.Models", "Edvi.Models\Edvi.Models.csproj", "{C91A40E4-1E59-40F2-830D-718AE118C580}"
EndProject
Project("{FAE04EC0-301F-11D3-BF4B-00C04F79EFBC}") = "Edvi.Test", "Edvi.Test\Edvi.Test.csproj", "{EEA61B58-F12F-45CB-8F88-7C95AF9B1350}"
EndProject
Project("{FAE04EC0-301F-11D3-BF4B-00C04F79EFBC}") = "Edvi.Services", "Edvi.Services\Edvi.Services.csproj", "{5F3BBA8D-3E75-4B76-9C0B-CCB96B523F45}"
EndProject
Global
	GlobalSection(SolutionConfigurationPlatforms) = preSolution
		Debug|Any CPU = Debug|Any CPU
		Release|Any CPU = Release|Any CPU
	EndGlobalSection
	GlobalSection(ProjectConfigurationPlatforms) = postSolution
		{E8142292-C008-449F-95E3-F97F0981D233}.Debug|Any CPU.ActiveCfg = Debug|Any CPU
		{E8142292-C008-449F-95E3-F97F0981D233}.Debug|Any CPU.Build.0 = Debug|Any CPU
		{E8142292-C008-449F-95E3-F97F0981D233}.Release|Any CPU.ActiveCfg = Release|Any CPU
		{E8142292-C008-449F-95E3-F97F0981D233}.Release|Any CPU.Build.0 = Release|Any CPU
		{1FB48D66-2B5C-4815-AD09-19A1A38F6C14}.Debug|Any CPU.ActiveCfg = Debug|Any CPU
		{1FB48D66-2B5C-4815-AD09-19A1A38F6C14}.Debug|Any CPU.Build.0 = Debug|Any CPU
		{1FB48D66-2B5C-4815-AD09-19A1A38F6C14}.Release|Any CPU.ActiveCfg = Release|Any CPU
		{1FB48D66-2B5C-4815-AD09-19A1A38F6C14}.Release|Any CPU.Build.0 = Release|Any CPU
		{C91A40E4-1E59-40F2-830D-718AE118C580}.Debug|Any CPU.ActiveCfg = Debug|Any CPU
		{C91A40E4-1E59-40F2-830D-718AE118C580}.Debug|Any CPU.Build.0 = Debug|Any CPU
		{C91A40E4-1E59-40F2-830D-718AE118C580}.Release|Any CPU.ActiveCfg = Release|Any CPU
		{C91A40E4-1E59-40F2-830D-718AE118C580}.Release|Any CPU.Build.0 = Release|Any CPU
		{EEA61B58-F12F-45CB-8F88-7C95AF9B1350}.Debug|Any CPU.ActiveCfg = Debug|Any CPU
		{EEA61B58-F12F-45CB-8F88-7C95AF9B1350}.Debug|Any CPU.Build.0 = Debug|Any CPU
		{EEA61B58-F12F-45CB-8F88-7C95AF9B1350}.Release|Any CPU.ActiveCfg = Release|Any CPU
		{EEA61B58-F12F-45CB-8F88-7C95AF9B1350}.Release|Any CPU.Build.0 = Release|Any CPU
		{5F3BBA8D-3E75-4B76-9C0B-CCB96B523F45}.Debug|Any CPU.ActiveCfg = Debug|Any CPU
		{5F3BBA8D-3E75-4B76-9C0B-CCB96B523F45}.Debug|Any CPU.Build.0 = Debug|Any CPU
		{5F3BBA8D-3E75-4B76-9C0B-CCB96B523F45}.Release|Any CPU.ActiveCfg = Release|Any CPU
		{5F3BBA8D-3E75-4B76-9C0B-CCB96B523F45}.Release|Any CPU.Build.0 = Release|Any CPU
	EndGlobalSection
	GlobalSection(SolutionProperties) = preSolution
		HideSolutionNode = FALSE
	EndGlobalSection
EndGlobal
